
Microsoft Visual Studio Solution File, Format Version 12.00
# Visual Studio Version 16
VisualStudioVersion = 16.0.28803.202
MinimumVisualStudioVersion = 10.0.40219.1
Project("{2150E333-8FDC-42A3-9474-1A3956D46DE8}") = "Authentication", "Authentication", "{0509D4D9-B677-4A91-AF2D-E379B8C451B0}"
EndProject
Project("{2150E333-8FDC-42A3-9474-1A3956D46DE8}") = "Shibboleth", "Shibboleth", "{478CF894-055A-4E61-A90C-219DEF432A6B}"
EndProject
Project("{9A19103F-16F7-4668-BE54-9A1E7A4F7556}") = "UW.Shibboleth", "UW.Shibboleth\UW.Shibboleth.csproj", "{5520C55D-0293-40FF-8991-4E1122050819}"
EndProject
Project("{2150E333-8FDC-42A3-9474-1A3956D46DE8}") = "Tests", "Tests", "{EF7546A2-3F19-4BB7-9F53-12ABBBF5CB6C}"
EndProject
Project("{9A19103F-16F7-4668-BE54-9A1E7A4F7556}") = "UW.Authentication.AspNet.Tests", "Tests\UW.Authentication.AspNet.Tests\UW.Authentication.AspNet.Tests.csproj", "{E3A14D04-AC75-427E-8904-461070F2FFF1}"
EndProject
Project("{9A19103F-16F7-4668-BE54-9A1E7A4F7556}") = "UW.Authentication.AspNetCore.Shibboleth", "UW.Authentication.AspNetCore.Shibboleth\UW.Authentication.AspNetCore.Shibboleth.csproj", "{25C62FC6-212F-42BD-8DE7-625FE3A4F1E4}"
EndProject
Project("{FAE04EC0-301F-11D3-BF4B-00C04F79EFBC}") = "UW.Authentication.AspNet.Shibboleth", "UW.Authentication.AspNet.Shibboleth\UW.Authentication.AspNet.Shibboleth.csproj", "{FDAFBD63-F892-4166-878F-B7387897CC3C}"
EndProject
Project("{2150E333-8FDC-42A3-9474-1A3956D46DE8}") = "Samples", "Samples", "{FE0BA5C9-5720-4C57-82C5-A8A43FB8AF62}"
EndProject
Project("{FAE04EC0-301F-11D3-BF4B-00C04F79EFBC}") = "SampleMVCNet47", "Samples\SampleMVCNet47\SampleMVCNet47.csproj", "{068B445C-018A-4924-82C7-AC3BA2173FD8}"
EndProject
Project("{FAE04EC0-301F-11D3-BF4B-00C04F79EFBC}") = "SampleMVCCore", "Samples\SampleMVCCore\SampleMVCCore.csproj", "{6E3EF12E-F0B3-4577-A916-44CDB25A1D1A}"
EndProject
Global
	GlobalSection(SolutionConfigurationPlatforms) = preSolution
		Debug|Any CPU = Debug|Any CPU
		Release|Any CPU = Release|Any CPU
	EndGlobalSection
	GlobalSection(ProjectConfigurationPlatforms) = postSolution
		{5520C55D-0293-40FF-8991-4E1122050819}.Debug|Any CPU.ActiveCfg = Debug|Any CPU
		{5520C55D-0293-40FF-8991-4E1122050819}.Debug|Any CPU.Build.0 = Debug|Any CPU
		{5520C55D-0293-40FF-8991-4E1122050819}.Release|Any CPU.ActiveCfg = Release|Any CPU
		{5520C55D-0293-40FF-8991-4E1122050819}.Release|Any CPU.Build.0 = Release|Any CPU
		{E3A14D04-AC75-427E-8904-461070F2FFF1}.Debug|Any CPU.ActiveCfg = Debug|Any CPU
		{E3A14D04-AC75-427E-8904-461070F2FFF1}.Debug|Any CPU.Build.0 = Debug|Any CPU
		{E3A14D04-AC75-427E-8904-461070F2FFF1}.Release|Any CPU.ActiveCfg = Release|Any CPU
		{E3A14D04-AC75-427E-8904-461070F2FFF1}.Release|Any CPU.Build.0 = Release|Any CPU
		{25C62FC6-212F-42BD-8DE7-625FE3A4F1E4}.Debug|Any CPU.ActiveCfg = Debug|Any CPU
		{25C62FC6-212F-42BD-8DE7-625FE3A4F1E4}.Debug|Any CPU.Build.0 = Debug|Any CPU
		{25C62FC6-212F-42BD-8DE7-625FE3A4F1E4}.Release|Any CPU.ActiveCfg = Release|Any CPU
		{25C62FC6-212F-42BD-8DE7-625FE3A4F1E4}.Release|Any CPU.Build.0 = Release|Any CPU
		{FDAFBD63-F892-4166-878F-B7387897CC3C}.Debug|Any CPU.ActiveCfg = Debug|Any CPU
		{FDAFBD63-F892-4166-878F-B7387897CC3C}.Debug|Any CPU.Build.0 = Debug|Any CPU
		{FDAFBD63-F892-4166-878F-B7387897CC3C}.Release|Any CPU.ActiveCfg = Release|Any CPU
		{FDAFBD63-F892-4166-878F-B7387897CC3C}.Release|Any CPU.Build.0 = Release|Any CPU
		{068B445C-018A-4924-82C7-AC3BA2173FD8}.Debug|Any CPU.ActiveCfg = Debug|Any CPU
		{068B445C-018A-4924-82C7-AC3BA2173FD8}.Debug|Any CPU.Build.0 = Debug|Any CPU
		{068B445C-018A-4924-82C7-AC3BA2173FD8}.Release|Any CPU.ActiveCfg = Release|Any CPU
		{068B445C-018A-4924-82C7-AC3BA2173FD8}.Release|Any CPU.Build.0 = Release|Any CPU
		{6E3EF12E-F0B3-4577-A916-44CDB25A1D1A}.Debug|Any CPU.ActiveCfg = Debug|Any CPU
		{6E3EF12E-F0B3-4577-A916-44CDB25A1D1A}.Debug|Any CPU.Build.0 = Debug|Any CPU
		{6E3EF12E-F0B3-4577-A916-44CDB25A1D1A}.Release|Any CPU.ActiveCfg = Release|Any CPU
		{6E3EF12E-F0B3-4577-A916-44CDB25A1D1A}.Release|Any CPU.Build.0 = Release|Any CPU
	EndGlobalSection
	GlobalSection(SolutionProperties) = preSolution
		HideSolutionNode = FALSE
	EndGlobalSection
	GlobalSection(NestedProjects) = preSolution
		{5520C55D-0293-40FF-8991-4E1122050819} = {478CF894-055A-4E61-A90C-219DEF432A6B}
		{E3A14D04-AC75-427E-8904-461070F2FFF1} = {EF7546A2-3F19-4BB7-9F53-12ABBBF5CB6C}
		{25C62FC6-212F-42BD-8DE7-625FE3A4F1E4} = {0509D4D9-B677-4A91-AF2D-E379B8C451B0}
		{FDAFBD63-F892-4166-878F-B7387897CC3C} = {0509D4D9-B677-4A91-AF2D-E379B8C451B0}
		{068B445C-018A-4924-82C7-AC3BA2173FD8} = {FE0BA5C9-5720-4C57-82C5-A8A43FB8AF62}
		{6E3EF12E-F0B3-4577-A916-44CDB25A1D1A} = {FE0BA5C9-5720-4C57-82C5-A8A43FB8AF62}
	EndGlobalSection
	GlobalSection(ExtensibilityGlobals) = postSolution
		SolutionGuid = {39F11490-5E42-4EA7-83B2-D731F3A1EE27}
	EndGlobalSection
EndGlobal
